
Microsoft Visual Studio Solution File, Format Version 12.00
# Visual Studio Version 16
VisualStudioVersion = 16.0.31205.134
MinimumVisualStudioVersion = 10.0.40219.1
Project("{8BC9CEB8-8B4A-11D0-8D11-00A0C91BC942}") = "GLGame", "GLGame.vcxproj", "{74BC4B1F-BEE3-44C1-BA73-FC38BAEA21B3}"
EndProject
Global
	GlobalSection(SolutionConfigurationPlatforms) = preSolution
		Debug|x64 = Debug|x64
		Debug|x86 = Debug|x86
		Release|x64 = Release|x64
		Release|x86 = Release|x86
	EndGlobalSection
	GlobalSection(ProjectConfigurationPlatforms) = postSolution
		{74BC4B1F-BEE3-44C1-BA73-FC38BAEA21B3}.Debug|x64.ActiveCfg = Debug|x64
		{74BC4B1F-BEE3-44C1-BA73-FC38BAEA21B3}.Debug|x64.Build.0 = Debug|x64
		{74BC4B1F-BEE3-44C1-BA73-FC38BAEA21B3}.Debug|x86.ActiveCfg = Debug|Win32
		{74BC4B1F-BEE3-44C1-BA73-FC38BAEA21B3}.Debug|x86.Build.0 = Debug|Win32
		{74BC4B1F-BEE3-44C1-BA73-FC38BAEA21B3}.Release|x64.ActiveCfg = Release|x64
		{74BC4B1F-BEE3-44C1-BA73-FC38BAEA21B3}.Release|x64.Build.0 = Release|x64
		{74BC4B1F-BEE3-44C1-BA73-FC38BAEA21B3}.Release|x86.ActiveCfg = Release|Win32
		{74BC4B1F-BEE3-44C1-BA73-FC38BAEA21B3}.Release|x86.Build.0 = Release|Win32
	EndGlobalSection
	GlobalSection(SolutionProperties) = preSolution
		HideSolutionNode = FALSE
	EndGlobalSection
	GlobalSection(ExtensibilityGlobals) = postSolution
		SolutionGuid = {4CE3C80B-19BC-42EC-9E77-B5DF32FE7CC9}
	EndGlobalSection
EndGlobal
